
Microsoft Visual Studio Solution File, Format Version 12.00
# Visual Studio Version 17
VisualStudioVersion = 17.13.35919.96
MinimumVisualStudioVersion = 10.0.40219.1
Project("{FAE04EC0-301F-11D3-BF4B-00C04F79EFBC}") = "GeometryDashSyzyfCounterULTIMATE", "GeometryDashSyzyfCounterULTIMATE\GeometryDashSyzyfCounterULTIMATE.csproj", "{FC384DCA-D6EF-48E5-9AF5-5F48556B0089}"
EndProject
Global
	GlobalSection(SolutionConfigurationPlatforms) = preSolution
		Debug|Any CPU = Debug|Any CPU
		Release|Any CPU = Release|Any CPU
	EndGlobalSection
	GlobalSection(ProjectConfigurationPlatforms) = postSolution
		{FC384DCA-D6EF-48E5-9AF5-5F48556B0089}.Debug|Any CPU.ActiveCfg = Debug|Any CPU
		{FC384DCA-D6EF-48E5-9AF5-5F48556B0089}.Debug|Any CPU.Build.0 = Debug|Any CPU
		{FC384DCA-D6EF-48E5-9AF5-5F48556B0089}.Debug|Any CPU.Deploy.0 = Debug|Any CPU
		{FC384DCA-D6EF-48E5-9AF5-5F48556B0089}.Release|Any CPU.ActiveCfg = Release|Any CPU
		{FC384DCA-D6EF-48E5-9AF5-5F48556B0089}.Release|Any CPU.Build.0 = Release|Any CPU
	EndGlobalSection
	GlobalSection(SolutionProperties) = preSolution
		HideSolutionNode = FALSE
	EndGlobalSection
	GlobalSection(ExtensibilityGlobals) = postSolution
		SolutionGuid = {24968108-F9F5-4944-A74A-A14040C64882}
	EndGlobalSection
EndGlobal
